// !$*UTF8*$!
{
	archiveVersion = 1;
	classes = {
	};
	objectVersion = 50;
	objects = {

/* Begin PBXBuildFile section */
		00231A8924ADDD2300D643D1 /* Keyword.swift in Sources */ = {isa = PBXBuildFile; fileRef = 00231A8824ADDD2300D643D1 /* Keyword.swift */; };
		0083227324AD91CE00D9BDB0 /* Notification.Name+Extension.swift in Sources */ = {isa = PBXBuildFile; fileRef = 0083227224AD91CE00D9BDB0 /* Notification.Name+Extension.swift */; };
		00ACA91E24AC8FF100BB93BF /* UIFont+Extension.swift in Sources */ = {isa = PBXBuildFile; fileRef = 00ACA91D24AC8FF100BB93BF /* UIFont+Extension.swift */; };
		B3050EFF2432D09500FCF2E3 /* FileType.swift in Sources */ = {isa = PBXBuildFile; fileRef = B3050EFE2432D09500FCF2E3 /* FileType.swift */; };
		B3050F012432D18800FCF2E3 /* FileTypeSelectViewController.swift in Sources */ = {isa = PBXBuildFile; fileRef = B3050F002432D18800FCF2E3 /* FileTypeSelectViewController.swift */; };
		B3050F0A2432E5B500FCF2E3 /* Utils.swift in Sources */ = {isa = PBXBuildFile; fileRef = B3050F092432E5B500FCF2E3 /* Utils.swift */; };
		B32F632A2433529F00407BDD /* swift.swift in Sources */ = {isa = PBXBuildFile; fileRef = B32F63292433529F00407BDD /* swift.swift */; };
		B32F632D243352D300407BDD /* LanguageLibrary.swift in Sources */ = {isa = PBXBuildFile; fileRef = B32F632C243352D300407BDD /* LanguageLibrary.swift */; };
		B32F632F2433596000407BDD /* CodeHighlighter.swift in Sources */ = {isa = PBXBuildFile; fileRef = B32F632E2433596000407BDD /* CodeHighlighter.swift */; };
		B3C0655F2430F6D300B21238 /* AppDelegate.swift in Sources */ = {isa = PBXBuildFile; fileRef = B3C0655E2430F6D300B21238 /* AppDelegate.swift */; };
		B3C065612430F6D300B21238 /* DocumentBrowserViewController.swift in Sources */ = {isa = PBXBuildFile; fileRef = B3C065602430F6D300B21238 /* DocumentBrowserViewController.swift */; };
		B3C065632430F6D300B21238 /* DocumentViewController.swift in Sources */ = {isa = PBXBuildFile; fileRef = B3C065622430F6D300B21238 /* DocumentViewController.swift */; };
		B3C065652430F6D300B21238 /* TextDocument.swift in Sources */ = {isa = PBXBuildFile; fileRef = B3C065642430F6D300B21238 /* TextDocument.swift */; };
		B3C065682430F6D300B21238 /* Main.storyboard in Resources */ = {isa = PBXBuildFile; fileRef = B3C065662430F6D300B21238 /* Main.storyboard */; };
		B3C0656A2430F6D400B21238 /* Assets.xcassets in Resources */ = {isa = PBXBuildFile; fileRef = B3C065692430F6D400B21238 /* Assets.xcassets */; };
		B3C0656D2430F6D400B21238 /* LaunchScreen.storyboard in Resources */ = {isa = PBXBuildFile; fileRef = B3C0656B2430F6D400B21238 /* LaunchScreen.storyboard */; };
		B3EEA7AA2431F03F00BFEB34 /* Settings.swift in Sources */ = {isa = PBXBuildFile; fileRef = B3EEA7A92431F03F00BFEB34 /* Settings.swift */; };
		B3EEA7AC2431F37800BFEB34 /* Constants.swift in Sources */ = {isa = PBXBuildFile; fileRef = B3EEA7AB2431F37800BFEB34 /* Constants.swift */; };
		B3EEA7AE2432045F00BFEB34 /* SettingsViewController.swift in Sources */ = {isa = PBXBuildFile; fileRef = B3EEA7AD2432045F00BFEB34 /* SettingsViewController.swift */; };
/* End PBXBuildFile section */

/* Begin PBXFileReference section */
		00231A8824ADDD2300D643D1 /* Keyword.swift */ = {isa = PBXFileReference; lastKnownFileType = sourcecode.swift; path = Keyword.swift; sourceTree = "<group>"; };
		0083227224AD91CE00D9BDB0 /* Notification.Name+Extension.swift */ = {isa = PBXFileReference; lastKnownFileType = sourcecode.swift; path = "Notification.Name+Extension.swift"; sourceTree = "<group>"; };
		00ACA91D24AC8FF100BB93BF /* UIFont+Extension.swift */ = {isa = PBXFileReference; lastKnownFileType = sourcecode.swift; path = "UIFont+Extension.swift"; sourceTree = "<group>"; };
		B3050EFE2432D09500FCF2E3 /* FileType.swift */ = {isa = PBXFileReference; lastKnownFileType = sourcecode.swift; path = FileType.swift; sourceTree = "<group>"; };
		B3050F002432D18800FCF2E3 /* FileTypeSelectViewController.swift */ = {isa = PBXFileReference; lastKnownFileType = sourcecode.swift; path = FileTypeSelectViewController.swift; sourceTree = "<group>"; };
		B3050F092432E5B500FCF2E3 /* Utils.swift */ = {isa = PBXFileReference; lastKnownFileType = sourcecode.swift; path = Utils.swift; sourceTree = "<group>"; };
		B32F63292433529F00407BDD /* swift.swift */ = {isa = PBXFileReference; lastKnownFileType = sourcecode.swift; path = swift.swift; sourceTree = "<group>"; };
		B32F632C243352D300407BDD /* LanguageLibrary.swift */ = {isa = PBXFileReference; lastKnownFileType = sourcecode.swift; path = LanguageLibrary.swift; sourceTree = "<group>"; };
		B32F632E2433596000407BDD /* CodeHighlighter.swift */ = {isa = PBXFileReference; lastKnownFileType = sourcecode.swift; path = CodeHighlighter.swift; sourceTree = "<group>"; };
		B3C0655B2430F6D300B21238 /* TextAwesome.app */ = {isa = PBXFileReference; explicitFileType = wrapper.application; includeInIndex = 0; path = TextAwesome.app; sourceTree = BUILT_PRODUCTS_DIR; };
		B3C0655E2430F6D300B21238 /* AppDelegate.swift */ = {isa = PBXFileReference; lastKnownFileType = sourcecode.swift; path = AppDelegate.swift; sourceTree = "<group>"; };
		B3C065602430F6D300B21238 /* DocumentBrowserViewController.swift */ = {isa = PBXFileReference; lastKnownFileType = sourcecode.swift; path = DocumentBrowserViewController.swift; sourceTree = "<group>"; };
		B3C065622430F6D300B21238 /* DocumentViewController.swift */ = {isa = PBXFileReference; lastKnownFileType = sourcecode.swift; path = DocumentViewController.swift; sourceTree = "<group>"; };
		B3C065642430F6D300B21238 /* TextDocument.swift */ = {isa = PBXFileReference; lastKnownFileType = sourcecode.swift; path = TextDocument.swift; sourceTree = "<group>"; };
		B3C065672430F6D300B21238 /* Base */ = {isa = PBXFileReference; lastKnownFileType = file.storyboard; name = Base; path = Base.lproj/Main.storyboard; sourceTree = "<group>"; };
		B3C065692430F6D400B21238 /* Assets.xcassets */ = {isa = PBXFileReference; lastKnownFileType = folder.assetcatalog; path = Assets.xcassets; sourceTree = "<group>"; };
		B3C0656C2430F6D400B21238 /* Base */ = {isa = PBXFileReference; lastKnownFileType = file.storyboard; name = Base; path = Base.lproj/LaunchScreen.storyboard; sourceTree = "<group>"; };
		B3C0656E2430F6D400B21238 /* Info.plist */ = {isa = PBXFileReference; lastKnownFileType = text.plist.xml; path = Info.plist; sourceTree = "<group>"; };
		B3EEA7A92431F03F00BFEB34 /* Settings.swift */ = {isa = PBXFileReference; lastKnownFileType = sourcecode.swift; path = Settings.swift; sourceTree = "<group>"; };
		B3EEA7AB2431F37800BFEB34 /* Constants.swift */ = {isa = PBXFileReference; lastKnownFileType = sourcecode.swift; path = Constants.swift; sourceTree = "<group>"; };
		B3EEA7AD2432045F00BFEB34 /* SettingsViewController.swift */ = {isa = PBXFileReference; lastKnownFileType = sourcecode.swift; path = SettingsViewController.swift; sourceTree = "<group>"; };
/* End PBXFileReference section */

/* Begin PBXFrameworksBuildPhase section */
		B3C065582430F6D300B21238 /* Frameworks */ = {
			isa = PBXFrameworksBuildPhase;
			buildActionMask = 2147483647;
			files = (
			);
			runOnlyForDeploymentPostprocessing = 0;
		};
/* End PBXFrameworksBuildPhase section */

/* Begin PBXGroup section */
		B3050F032432E21300FCF2E3 /* Resources */ = {
			isa = PBXGroup;
			children = (
				B3C065662430F6D300B21238 /* Main.storyboard */,
				B3C0656B2430F6D400B21238 /* LaunchScreen.storyboard */,
				B3C065692430F6D400B21238 /* Assets.xcassets */,
				B3C0656E2430F6D400B21238 /* Info.plist */,
			);
			path = Resources;
			sourceTree = "<group>";
		};
		B32F6328243351FD00407BDD /* CodeHighlight */ = {
			isa = PBXGroup;
			children = (
				B32F632E2433596000407BDD /* CodeHighlighter.swift */,
				00231A8824ADDD2300D643D1 /* Keyword.swift */,
				B32F632C243352D300407BDD /* LanguageLibrary.swift */,
				B32F632B243352A300407BDD /* Dictionaries */,
			);
			path = CodeHighlight;
			sourceTree = "<group>";
		};
		B32F632B243352A300407BDD /* Dictionaries */ = {
			isa = PBXGroup;
			children = (
				B32F63292433529F00407BDD /* swift.swift */,
			);
			name = Dictionaries;
			sourceTree = "<group>";
		};
		B3C065522430F6D300B21238 = {
			isa = PBXGroup;
			children = (
				B3C0655D2430F6D300B21238 /* TextAwesome */,
				B3C0655C2430F6D300B21238 /* Products */,
			);
			sourceTree = "<group>";
		};
		B3C0655C2430F6D300B21238 /* Products */ = {
			isa = PBXGroup;
			children = (
				B3C0655B2430F6D300B21238 /* TextAwesome.app */,
			);
			name = Products;
			sourceTree = "<group>";
		};
		B3C0655D2430F6D300B21238 /* TextAwesome */ = {
			isa = PBXGroup;
			children = (
				B3C0655E2430F6D300B21238 /* AppDelegate.swift */,
				B3EEA7A52431E32300BFEB34 /* ViewControllers */,
				B3EEA7A62431E32B00BFEB34 /* Models */,
				B3050F032432E21300FCF2E3 /* Resources */,
			);
			path = TextAwesome;
			sourceTree = "<group>";
		};
		B3EEA7A52431E32300BFEB34 /* ViewControllers */ = {
			isa = PBXGroup;
			children = (
				B3C065602430F6D300B21238 /* DocumentBrowserViewController.swift */,
				B3C065622430F6D300B21238 /* DocumentViewController.swift */,
				B3EEA7AD2432045F00BFEB34 /* SettingsViewController.swift */,
				B3050F002432D18800FCF2E3 /* FileTypeSelectViewController.swift */,
			);
			path = ViewControllers;
			sourceTree = "<group>";
		};
		B3EEA7A62431E32B00BFEB34 /* Models */ = {
			isa = PBXGroup;
			children = (
				B3C065642430F6D300B21238 /* TextDocument.swift */,
				B3050EFE2432D09500FCF2E3 /* FileType.swift */,
				B3EEA7A92431F03F00BFEB34 /* Settings.swift */,
				B3EEA7AB2431F37800BFEB34 /* Constants.swift */,
				B3050F092432E5B500FCF2E3 /* Utils.swift */,
				00ACA91D24AC8FF100BB93BF /* UIFont+Extension.swift */,
				0083227224AD91CE00D9BDB0 /* Notification.Name+Extension.swift */,
				B32F6328243351FD00407BDD /* CodeHighlight */,
			);
			path = Models;
			sourceTree = "<group>";
		};
/* End PBXGroup section */

/* Begin PBXNativeTarget section */
		B3C0655A2430F6D300B21238 /* TextAwesome */ = {
			isa = PBXNativeTarget;
			buildConfigurationList = B3C065712430F6D400B21238 /* Build configuration list for PBXNativeTarget "TextAwesome" */;
			buildPhases = (
				B3C065572430F6D300B21238 /* Sources */,
				B3C065582430F6D300B21238 /* Frameworks */,
				B3C065592430F6D300B21238 /* Resources */,
			);
			buildRules = (
			);
			dependencies = (
			);
			name = TextAwesome;
			productName = TextAwesome;
			productReference = B3C0655B2430F6D300B21238 /* TextAwesome.app */;
			productType = "com.apple.product-type.application";
		};
/* End PBXNativeTarget section */

/* Begin PBXProject section */
		B3C065532430F6D300B21238 /* Project object */ = {
			isa = PBXProject;
			attributes = {
				LastSwiftUpdateCheck = 1130;
				LastUpgradeCheck = 1200;
				ORGANIZATIONNAME = "Peter Luo";
				TargetAttributes = {
					B3C0655A2430F6D300B21238 = {
						CreatedOnToolsVersion = 11.3.1;
					};
				};
			};
			buildConfigurationList = B3C065562430F6D300B21238 /* Build configuration list for PBXProject "TextAwesome" */;
			compatibilityVersion = "Xcode 9.3";
			developmentRegion = en;
			hasScannedForEncodings = 0;
			knownRegions = (
				en,
				Base,
			);
			mainGroup = B3C065522430F6D300B21238;
			productRefGroup = B3C0655C2430F6D300B21238 /* Products */;
			projectDirPath = "";
			projectRoot = "";
			targets = (
				B3C0655A2430F6D300B21238 /* TextAwesome */,
			);
		};
/* End PBXProject section */

/* Begin PBXResourcesBuildPhase section */
		B3C065592430F6D300B21238 /* Resources */ = {
			isa = PBXResourcesBuildPhase;
			buildActionMask = 2147483647;
			files = (
				B3C0656D2430F6D400B21238 /* LaunchScreen.storyboard in Resources */,
				B3C0656A2430F6D400B21238 /* Assets.xcassets in Resources */,
				B3C065682430F6D300B21238 /* Main.storyboard in Resources */,
			);
			runOnlyForDeploymentPostprocessing = 0;
		};
/* End PBXResourcesBuildPhase section */

/* Begin PBXSourcesBuildPhase section */
		B3C065572430F6D300B21238 /* Sources */ = {
			isa = PBXSourcesBuildPhase;
			buildActionMask = 2147483647;
			files = (
				00ACA91E24AC8FF100BB93BF /* UIFont+Extension.swift in Sources */,
				B3EEA7AA2431F03F00BFEB34 /* Settings.swift in Sources */,
				0083227324AD91CE00D9BDB0 /* Notification.Name+Extension.swift in Sources */,
				B3C065652430F6D300B21238 /* TextDocument.swift in Sources */,
				B32F632A2433529F00407BDD /* swift.swift in Sources */,
				B3EEA7AE2432045F00BFEB34 /* SettingsViewController.swift in Sources */,
				B3050EFF2432D09500FCF2E3 /* FileType.swift in Sources */,
				B3C065632430F6D300B21238 /* DocumentViewController.swift in Sources */,
				B3C065612430F6D300B21238 /* DocumentBrowserViewController.swift in Sources */,
				B32F632F2433596000407BDD /* CodeHighlighter.swift in Sources */,
				B3EEA7AC2431F37800BFEB34 /* Constants.swift in Sources */,
				B3050F012432D18800FCF2E3 /* FileTypeSelectViewController.swift in Sources */,
				B32F632D243352D300407BDD /* LanguageLibrary.swift in Sources */,
				00231A8924ADDD2300D643D1 /* Keyword.swift in Sources */,
				B3C0655F2430F6D300B21238 /* AppDelegate.swift in Sources */,
				B3050F0A2432E5B500FCF2E3 /* Utils.swift in Sources */,
			);
			runOnlyForDeploymentPostprocessing = 0;
		};
/* End PBXSourcesBuildPhase section */

/* Begin PBXVariantGroup section */
		B3C065662430F6D300B21238 /* Main.storyboard */ = {
			isa = PBXVariantGroup;
			children = (
				B3C065672430F6D300B21238 /* Base */,
			);
			name = Main.storyboard;
			sourceTree = "<group>";
		};
		B3C0656B2430F6D400B21238 /* LaunchScreen.storyboard */ = {
			isa = PBXVariantGroup;
			children = (
				B3C0656C2430F6D400B21238 /* Base */,
			);
			name = LaunchScreen.storyboard;
			sourceTree = "<group>";
		};
/* End PBXVariantGroup section */

/* Begin XCBuildConfiguration section */
		B3C0656F2430F6D400B21238 /* Debug */ = {
			isa = XCBuildConfiguration;
			buildSettings = {
				ALWAYS_SEARCH_USER_PATHS = NO;
				CLANG_ANALYZER_NONNULL = YES;
				CLANG_ANALYZER_NUMBER_OBJECT_CONVERSION = YES_AGGRESSIVE;
				CLANG_CXX_LANGUAGE_STANDARD = "gnu++14";
				CLANG_CXX_LIBRARY = "libc++";
				CLANG_ENABLE_MODULES = YES;
				CLANG_ENABLE_OBJC_ARC = YES;
				CLANG_ENABLE_OBJC_WEAK = YES;
				CLANG_WARN_BLOCK_CAPTURE_AUTORELEASING = YES;
				CLANG_WARN_BOOL_CONVERSION = YES;
				CLANG_WARN_COMMA = YES;
				CLANG_WARN_CONSTANT_CONVERSION = YES;
				CLANG_WARN_DEPRECATED_OBJC_IMPLEMENTATIONS = YES;
				CLANG_WARN_DIRECT_OBJC_ISA_USAGE = YES_ERROR;
				CLANG_WARN_DOCUMENTATION_COMMENTS = YES;
				CLANG_WARN_EMPTY_BODY = YES;
				CLANG_WARN_ENUM_CONVERSION = YES;
				CLANG_WARN_INFINITE_RECURSION = YES;
				CLANG_WARN_INT_CONVERSION = YES;
				CLANG_WARN_NON_LITERAL_NULL_CONVERSION = YES;
				CLANG_WARN_OBJC_IMPLICIT_RETAIN_SELF = YES;
				CLANG_WARN_OBJC_LITERAL_CONVERSION = YES;
				CLANG_WARN_OBJC_ROOT_CLASS = YES_ERROR;
				CLANG_WARN_QUOTED_INCLUDE_IN_FRAMEWORK_HEADER = YES;
				CLANG_WARN_RANGE_LOOP_ANALYSIS = YES;
				CLANG_WARN_STRICT_PROTOTYPES = YES;
				CLANG_WARN_SUSPICIOUS_MOVE = YES;
				CLANG_WARN_UNGUARDED_AVAILABILITY = YES_AGGRESSIVE;
				CLANG_WARN_UNREACHABLE_CODE = YES;
				CLANG_WARN__DUPLICATE_METHOD_MATCH = YES;
				COPY_PHASE_STRIP = NO;
				DEBUG_INFORMATION_FORMAT = dwarf;
				ENABLE_STRICT_OBJC_MSGSEND = YES;
				ENABLE_TESTABILITY = YES;
				GCC_C_LANGUAGE_STANDARD = gnu11;
				GCC_DYNAMIC_NO_PIC = NO;
				GCC_NO_COMMON_BLOCKS = YES;
				GCC_OPTIMIZATION_LEVEL = 0;
				GCC_PREPROCESSOR_DEFINITIONS = (
					"DEBUG=1",
					"$(inherited)",
				);
				GCC_WARN_64_TO_32_BIT_CONVERSION = YES;
				GCC_WARN_ABOUT_RETURN_TYPE = YES_ERROR;
				GCC_WARN_UNDECLARED_SELECTOR = YES;
				GCC_WARN_UNINITIALIZED_AUTOS = YES_AGGRESSIVE;
				GCC_WARN_UNUSED_FUNCTION = YES;
				GCC_WARN_UNUSED_VARIABLE = YES;
				IPHONEOS_DEPLOYMENT_TARGET = 13.2;
				MTL_ENABLE_DEBUG_INFO = INCLUDE_SOURCE;
				MTL_FAST_MATH = YES;
				ONLY_ACTIVE_ARCH = YES;
				SDKROOT = iphoneos;
				SWIFT_ACTIVE_COMPILATION_CONDITIONS = DEBUG;
				SWIFT_OPTIMIZATION_LEVEL = "-Onone";
			};
			name = Debug;
		};
		B3C065702430F6D400B21238 /* Release */ = {
			isa = XCBuildConfiguration;
			buildSettings = {
				ALWAYS_SEARCH_USER_PATHS = NO;
				CLANG_ANALYZER_NONNULL = YES;
				CLANG_ANALYZER_NUMBER_OBJECT_CONVERSION = YES_AGGRESSIVE;
				CLANG_CXX_LANGUAGE_STANDARD = "gnu++14";
				CLANG_CXX_LIBRARY = "libc++";
				CLANG_ENABLE_MODULES = YES;
				CLANG_ENABLE_OBJC_ARC = YES;
				CLANG_ENABLE_OBJC_WEAK = YES;
				CLANG_WARN_BLOCK_CAPTURE_AUTORELEASING = YES;
				CLANG_WARN_BOOL_CONVERSION = YES;
				CLANG_WARN_COMMA = YES;
				CLANG_WARN_CONSTANT_CONVERSION = YES;
				CLANG_WARN_DEPRECATED_OBJC_IMPLEMENTATIONS = YES;
				CLANG_WARN_DIRECT_OBJC_ISA_USAGE = YES_ERROR;
				CLANG_WARN_DOCUMENTATION_COMMENTS = YES;
				CLANG_WARN_EMPTY_BODY = YES;
				CLANG_WARN_ENUM_CONVERSION = YES;
				CLANG_WARN_INFINITE_RECURSION = YES;
				CLANG_WARN_INT_CONVERSION = YES;
				CLANG_WARN_NON_LITERAL_NULL_CONVERSION = YES;
				CLANG_WARN_OBJC_IMPLICIT_RETAIN_SELF = YES;
				CLANG_WARN_OBJC_LITERAL_CONVERSION = YES;
				CLANG_WARN_OBJC_ROOT_CLASS = YES_ERROR;
				CLANG_WARN_QUOTED_INCLUDE_IN_FRAMEWORK_HEADER = YES;
				CLANG_WARN_RANGE_LOOP_ANALYSIS = YES;
				CLANG_WARN_STRICT_PROTOTYPES = YES;
				CLANG_WARN_SUSPICIOUS_MOVE = YES;
				CLANG_WARN_UNGUARDED_AVAILABILITY = YES_AGGRESSIVE;
				CLANG_WARN_UNREACHABLE_CODE = YES;
				CLANG_WARN__DUPLICATE_METHOD_MATCH = YES;
				COPY_PHASE_STRIP = NO;
				DEBUG_INFORMATION_FORMAT = "dwarf-with-dsym";
				ENABLE_NS_ASSERTIONS = NO;
				ENABLE_STRICT_OBJC_MSGSEND = YES;
				GCC_C_LANGUAGE_STANDARD = gnu11;
				GCC_NO_COMMON_BLOCKS = YES;
				GCC_WARN_64_TO_32_BIT_CONVERSION = YES;
				GCC_WARN_ABOUT_RETURN_TYPE = YES_ERROR;
				GCC_WARN_UNDECLARED_SELECTOR = YES;
				GCC_WARN_UNINITIALIZED_AUTOS = YES_AGGRESSIVE;
				GCC_WARN_UNUSED_FUNCTION = YES;
				GCC_WARN_UNUSED_VARIABLE = YES;
				IPHONEOS_DEPLOYMENT_TARGET = 13.2;
				MTL_ENABLE_DEBUG_INFO = NO;
				MTL_FAST_MATH = YES;
				SDKROOT = iphoneos;
				SWIFT_COMPILATION_MODE = wholemodule;
				SWIFT_OPTIMIZATION_LEVEL = "-O";
				VALIDATE_PRODUCT = YES;
			};
			name = Release;
		};
		B3C065722430F6D400B21238 /* Debug */ = {
			isa = XCBuildConfiguration;
			buildSettings = {
				ASSETCATALOG_COMPILER_APPICON_NAME = AppIcon;
				CODE_SIGN_STYLE = Automatic;
				DEVELOPMENT_TEAM = VGURA84Q2L;
				INFOPLIST_FILE = TextAwesome/Resources/Info.plist;
				IPHONEOS_DEPLOYMENT_TARGET = 13.0;
				LD_RUNPATH_SEARCH_PATHS = (
					"$(inherited)",
					"@executable_path/Frameworks",
				);
				PRODUCT_BUNDLE_IDENTIFIER = com.pzl.TextAwesome;
				PRODUCT_NAME = "$(TARGET_NAME)";
				SUPPORTS_MACCATALYST = NO;
				SWIFT_VERSION = 5.0;
				TARGETED_DEVICE_FAMILY = "1,2";
			};
			name = Debug;
		};
		B3C065732430F6D400B21238 /* Release */ = {
			isa = XCBuildConfiguration;
			buildSettings = {
				ASSETCATALOG_COMPILER_APPICON_NAME = AppIcon;
				CODE_SIGN_STYLE = Automatic;
				DEVELOPMENT_TEAM = VGURA84Q2L;
				INFOPLIST_FILE = TextAwesome/Resources/Info.plist;
				IPHONEOS_DEPLOYMENT_TARGET = 13.0;
				LD_RUNPATH_SEARCH_PATHS = (
					"$(inherited)",
					"@executable_path/Frameworks",
				);
				PRODUCT_BUNDLE_IDENTIFIER = com.pzl.TextAwesome;
				PRODUCT_NAME = "$(TARGET_NAME)";
				SUPPORTS_MACCATALYST = NO;
				SWIFT_VERSION = 5.0;
				TARGETED_DEVICE_FAMILY = "1,2";
			};
			name = Release;
		};
/* End XCBuildConfiguration section */

/* Begin XCConfigurationList section */
		B3C065562430F6D300B21238 /* Build configuration list for PBXProject "TextAwesome" */ = {
			isa = XCConfigurationList;
			buildConfigurations = (
				B3C0656F2430F6D400B21238 /* Debug */,
				B3C065702430F6D400B21238 /* Release */,
			);
			defaultConfigurationIsVisible = 0;
			defaultConfigurationName = Release;
		};
		B3C065712430F6D400B21238 /* Build configuration list for PBXNativeTarget "TextAwesome" */ = {
			isa = XCConfigurationList;
			buildConfigurations = (
				B3C065722430F6D400B21238 /* Debug */,
				B3C065732430F6D400B21238 /* Release */,
			);
			defaultConfigurationIsVisible = 0;
			defaultConfigurationName = Release;
		};
/* End XCConfigurationList section */
	};
	rootObject = B3C065532430F6D300B21238 /* Project object */;
}
